
Microsoft Visual Studio Solution File, Format Version 12.00
# Visual Studio Version 17
VisualStudioVersion = 17.2.32616.157
MinimumVisualStudioVersion = 10.0.40219.1
Project("{9A19103F-16F7-4668-BE54-9A1E7A4F7556}") = "eShopSolution.WebApp", "eShopSolution.WebApp\eShopSolution.WebApp.csproj", "{E9C6A131-038F-4E20-B882-8C8EECB18E3E}"
EndProject
Project("{2150E333-8FDC-42A3-9474-1A3956D46DE8}") = "Solution Items", "Solution Items", "{4C93E0CC-5840-4B0B-A924-5F87CE81F42A}"
	ProjectSection(SolutionItems) = preProject
		README.md = README.md
	EndProjectSection
EndProject
Project("{9A19103F-16F7-4668-BE54-9A1E7A4F7556}") = "eShopSolution.Data", "eShopSolution.Data\eShopSolution.Data.csproj", "{F537BC0B-4516-43F8-8CDA-675870581F1E}"
EndProject
Project("{9A19103F-16F7-4668-BE54-9A1E7A4F7556}") = "eShopSolution.Application", "eShopSolution.Application\eShopSolution.Application.csproj", "{FC16EC2A-CA9E-4205-8959-C9812A91D4AF}"
EndProject
Project("{9A19103F-16F7-4668-BE54-9A1E7A4F7556}") = "eShopSolution.ViewModels", "eShopSolution.ViewModels\eShopSolution.ViewModels.csproj", "{880F6EE2-17A0-48B9-8AF0-417E5603EE15}"
EndProject
Project("{FAE04EC0-301F-11D3-BF4B-00C04F79EFBC}") = "Utilities", "Utilities\Utilities.csproj", "{E36FBF9B-97CA-43D6-B835-426E4E04EA35}"
EndProject
Global
	GlobalSection(SolutionConfigurationPlatforms) = preSolution
		Debug|Any CPU = Debug|Any CPU
		Release|Any CPU = Release|Any CPU
	EndGlobalSection
	GlobalSection(ProjectConfigurationPlatforms) = postSolution
		{E9C6A131-038F-4E20-B882-8C8EECB18E3E}.Debug|Any CPU.ActiveCfg = Debug|Any CPU
		{E9C6A131-038F-4E20-B882-8C8EECB18E3E}.Debug|Any CPU.Build.0 = Debug|Any CPU
		{E9C6A131-038F-4E20-B882-8C8EECB18E3E}.Release|Any CPU.ActiveCfg = Release|Any CPU
		{E9C6A131-038F-4E20-B882-8C8EECB18E3E}.Release|Any CPU.Build.0 = Release|Any CPU
		{F537BC0B-4516-43F8-8CDA-675870581F1E}.Debug|Any CPU.ActiveCfg = Debug|Any CPU
		{F537BC0B-4516-43F8-8CDA-675870581F1E}.Debug|Any CPU.Build.0 = Debug|Any CPU
		{F537BC0B-4516-43F8-8CDA-675870581F1E}.Release|Any CPU.ActiveCfg = Release|Any CPU
		{F537BC0B-4516-43F8-8CDA-675870581F1E}.Release|Any CPU.Build.0 = Release|Any CPU
		{FC16EC2A-CA9E-4205-8959-C9812A91D4AF}.Debug|Any CPU.ActiveCfg = Debug|Any CPU
		{FC16EC2A-CA9E-4205-8959-C9812A91D4AF}.Debug|Any CPU.Build.0 = Debug|Any CPU
		{FC16EC2A-CA9E-4205-8959-C9812A91D4AF}.Release|Any CPU.ActiveCfg = Release|Any CPU
		{FC16EC2A-CA9E-4205-8959-C9812A91D4AF}.Release|Any CPU.Build.0 = Release|Any CPU
		{880F6EE2-17A0-48B9-8AF0-417E5603EE15}.Debug|Any CPU.ActiveCfg = Debug|Any CPU
		{880F6EE2-17A0-48B9-8AF0-417E5603EE15}.Debug|Any CPU.Build.0 = Debug|Any CPU
		{880F6EE2-17A0-48B9-8AF0-417E5603EE15}.Release|Any CPU.ActiveCfg = Release|Any CPU
		{880F6EE2-17A0-48B9-8AF0-417E5603EE15}.Release|Any CPU.Build.0 = Release|Any CPU
		{E36FBF9B-97CA-43D6-B835-426E4E04EA35}.Debug|Any CPU.ActiveCfg = Debug|Any CPU
		{E36FBF9B-97CA-43D6-B835-426E4E04EA35}.Debug|Any CPU.Build.0 = Debug|Any CPU
		{E36FBF9B-97CA-43D6-B835-426E4E04EA35}.Release|Any CPU.ActiveCfg = Release|Any CPU
		{E36FBF9B-97CA-43D6-B835-426E4E04EA35}.Release|Any CPU.Build.0 = Release|Any CPU
	EndGlobalSection
	GlobalSection(SolutionProperties) = preSolution
		HideSolutionNode = FALSE
	EndGlobalSection
	GlobalSection(ExtensibilityGlobals) = postSolution
		SolutionGuid = {B5E7EB47-33E2-4CF9-8EA2-2F6501F3FAA8}
	EndGlobalSection
EndGlobal
